// !$*UTF8*$!
{
	archiveVersion = 1;
	classes = {
	};
	objectVersion = 46;
	objects = {

/* Begin PBXBuildFile section */
		2E039A4D17E0B659001E4A64 /* PointLight.cpp in Sources */ = {isa = PBXBuildFile; fileRef = 2E039A4217E0B659001E4A64 /* PointLight.cpp */; };
		2E039A4E17E0B659001E4A64 /* QuaternionCamera.cpp in Sources */ = {isa = PBXBuildFile; fileRef = 2E039A4417E0B659001E4A64 /* QuaternionCamera.cpp */; };
		2E039A4F17E0B659001E4A64 /* ScnParser.cpp in Sources */ = {isa = PBXBuildFile; fileRef = 2E039A4717E0B659001E4A64 /* ScnParser.cpp */; };
		2E039A5017E0B659001E4A64 /* SpotLight.cpp in Sources */ = {isa = PBXBuildFile; fileRef = 2E039A4917E0B659001E4A64 /* SpotLight.cpp */; };
		2E039A5117E0B659001E4A64 /* StaticObject.cpp in Sources */ = {isa = PBXBuildFile; fileRef = 2E039A4B17E0B659001E4A64 /* StaticObject.cpp */; };
		2E039A5217E0B7E7001E4A64 /* many_monkeys_scene.scn in CopyFiles */ = {isa = PBXBuildFile; fileRef = 2E039A4117E0B659001E4A64 /* many_monkeys_scene.scn */; };
		2E4BEA7817198079004A5CBD /* simple_ogl.vsh in Sources */ = {isa = PBXBuildFile; fileRef = 2E4BEA7717198079004A5CBD /* simple_ogl.vsh */; };
		2E4BEA7A17198343004A5CBD /* simple_ogl.vsh in CopyFiles */ = {isa = PBXBuildFile; fileRef = 2E4BEA7717198079004A5CBD /* simple_ogl.vsh */; };
		2E4BEA7B17198343004A5CBD /* simple_ogl.fsh in CopyFiles */ = {isa = PBXBuildFile; fileRef = 2E4BEA7917198091004A5CBD /* simple_ogl.fsh */; };
		2E81C9121718702C00428B87 /* GameScene.cpp in Sources */ = {isa = PBXBuildFile; fileRef = 2E81C9111718702C00428B87 /* GameScene.cpp */; };
		2E81C9161718770600428B87 /* OGLShaderManager.cpp in Sources */ = {isa = PBXBuildFile; fileRef = 2E81C9151718770600428B87 /* OGLShaderManager.cpp */; };
		2EA38B9517284BD200853F7C /* monkey.objm in CopyFiles */ = {isa = PBXBuildFile; fileRef = 2EA38B9417284BBB00853F7C /* monkey.objm */; };
		2EAC428D175682A40034DC8B /* MacInput.cpp in Sources */ = {isa = PBXBuildFile; fileRef = 2EAC428B175682A40034DC8B /* MacInput.cpp */; };
		2EDB2FA4171806A700F27F46 /* CompiledMesh.cpp in Sources */ = {isa = PBXBuildFile; fileRef = 2EDB2FA0171806A700F27F46 /* CompiledMesh.cpp */; };
		2EDB2FA5171806A700F27F46 /* Mesh.cpp in Sources */ = {isa = PBXBuildFile; fileRef = 2EDB2FA2171806A700F27F46 /* Mesh.cpp */; };
		3E1AC9FD168E1ABE00F8B28D /* main_MacOS.cpp in Sources */ = {isa = PBXBuildFile; fileRef = 3E1AC9FC168E1ABE00F8B28D /* main_MacOS.cpp */; };
		3E1ACA27168E1AFE00F8B28D /* GameEngine.cpp in Sources */ = {isa = PBXBuildFile; fileRef = 3E1ACA0E168E1AFE00F8B28D /* GameEngine.cpp */; };
		3E1ACA28168E1AFE00F8B28D /* sampler.cpp in Sources */ = {isa = PBXBuildFile; fileRef = 3E1ACA19168E1AFE00F8B28D /* sampler.cpp */; };
		3E1ACA2A168E1AFE00F8B28D /* utils.cpp in Sources */ = {isa = PBXBuildFile; fileRef = 3E1ACA1F168E1AFE00F8B28D /* utils.cpp */; };
		3E1ACA2D168E1C2100F8B28D /* OpenGL.framework in Frameworks */ = {isa = PBXBuildFile; fileRef = 3E1ACA2C168E1C2100F8B28D /* OpenGL.framework */; };
		3E1ACA30168E20A300F8B28D /* MacOS.cpp in Sources */ = {isa = PBXBuildFile; fileRef = 3E1ACA2F168E20A300F8B28D /* MacOS.cpp */; };
		3E1ACA32168E22C800F8B28D /* GLUT.framework in Frameworks */ = {isa = PBXBuildFile; fileRef = 3E1ACA31168E22C800F8B28D /* GLUT.framework */; };
		3EEBF8CA168F0F3000211510 /* OGLContext.cpp in Sources */ = {isa = PBXBuildFile; fileRef = 3EEBF8C9168F0F3000211510 /* OGLContext.cpp */; };
		3EEBF8CC168F141900211510 /* App.cpp in Sources */ = {isa = PBXBuildFile; fileRef = 3EEBF8CB168F141900211510 /* App.cpp */; };
/* End PBXBuildFile section */

/* Begin PBXCopyFilesBuildPhase section */
		3E1AC9F6168E1ABD00F8B28D /* CopyFiles */ = {
			isa = PBXCopyFilesBuildPhase;
			buildActionMask = 12;
			dstPath = "";
			dstSubfolderSpec = 16;
			files = (
				2E039A5217E0B7E7001E4A64 /* many_monkeys_scene.scn in CopyFiles */,
				2EA38B9517284BD200853F7C /* monkey.objm in CopyFiles */,
				2E4BEA7A17198343004A5CBD /* simple_ogl.vsh in CopyFiles */,
				2E4BEA7B17198343004A5CBD /* simple_ogl.fsh in CopyFiles */,
			);
			runOnlyForDeploymentPostprocessing = 0;
		};
/* End PBXCopyFilesBuildPhase section */

/* Begin PBXFileReference section */
		2E039A3D17E0B659001E4A64 /* EngineFactory.h */ = {isa = PBXFileReference; fileEncoding = 4; lastKnownFileType = sourcecode.c.h; path = EngineFactory.h; sourceTree = "<group>"; };
		2E039A3E17E0B659001E4A64 /* ICamera.h */ = {isa = PBXFileReference; fileEncoding = 4; lastKnownFileType = sourcecode.c.h; path = ICamera.h; sourceTree = "<group>"; };
		2E039A3F17E0B659001E4A64 /* IEntityFactory.h */ = {isa = PBXFileReference; fileEncoding = 4; lastKnownFileType = sourcecode.c.h; path = IEntityFactory.h; sourceTree = "<group>"; };
		2E039A4017E0B659001E4A64 /* IGameEntity.h */ = {isa = PBXFileReference; fileEncoding = 4; lastKnownFileType = sourcecode.c.h; path = IGameEntity.h; sourceTree = "<group>"; };
		2E039A4117E0B659001E4A64 /* many_monkeys_scene.scn */ = {isa = PBXFileReference; fileEncoding = 4; lastKnownFileType = text; path = many_monkeys_scene.scn; sourceTree = "<group>"; };
		2E039A4217E0B659001E4A64 /* PointLight.cpp */ = {isa = PBXFileReference; fileEncoding = 4; lastKnownFileType = sourcecode.cpp.cpp; path = PointLight.cpp; sourceTree = "<group>"; };
		2E039A4317E0B659001E4A64 /* PointLight.h */ = {isa = PBXFileReference; fileEncoding = 4; lastKnownFileType = sourcecode.c.h; path = PointLight.h; sourceTree = "<group>"; };
		2E039A4417E0B659001E4A64 /* QuaternionCamera.cpp */ = {isa = PBXFileReference; fileEncoding = 4; lastKnownFileType = sourcecode.cpp.cpp; path = QuaternionCamera.cpp; sourceTree = "<group>"; };
		2E039A4517E0B659001E4A64 /* QuaternionCamera.h */ = {isa = PBXFileReference; fileEncoding = 4; lastKnownFileType = sourcecode.c.h; path = QuaternionCamera.h; sourceTree = "<group>"; };
		2E039A4617E0B659001E4A64 /* ScnFilePayload.h */ = {isa = PBXFileReference; fileEncoding = 4; lastKnownFileType = sourcecode.c.h; path = ScnFilePayload.h; sourceTree = "<group>"; };
		2E039A4717E0B659001E4A64 /* ScnParser.cpp */ = {isa = PBXFileReference; fileEncoding = 4; lastKnownFileType = sourcecode.cpp.cpp; path = ScnParser.cpp; sourceTree = "<group>"; };
		2E039A4817E0B659001E4A64 /* ScnParser.h */ = {isa = PBXFileReference; fileEncoding = 4; lastKnownFileType = sourcecode.c.h; path = ScnParser.h; sourceTree = "<group>"; };
		2E039A4917E0B659001E4A64 /* SpotLight.cpp */ = {isa = PBXFileReference; fileEncoding = 4; lastKnownFileType = sourcecode.cpp.cpp; path = SpotLight.cpp; sourceTree = "<group>"; };
		2E039A4A17E0B659001E4A64 /* SpotLight.h */ = {isa = PBXFileReference; fileEncoding = 4; lastKnownFileType = sourcecode.c.h; path = SpotLight.h; sourceTree = "<group>"; };
		2E039A4B17E0B659001E4A64 /* StaticObject.cpp */ = {isa = PBXFileReference; fileEncoding = 4; lastKnownFileType = sourcecode.cpp.cpp; path = StaticObject.cpp; sourceTree = "<group>"; };
		2E039A4C17E0B659001E4A64 /* StaticObject.h */ = {isa = PBXFileReference; fileEncoding = 4; lastKnownFileType = sourcecode.c.h; path = StaticObject.h; sourceTree = "<group>"; };
		2E4BEA7717198079004A5CBD /* simple_ogl.vsh */ = {isa = PBXFileReference; fileEncoding = 4; lastKnownFileType = sourcecode.glsl; path = simple_ogl.vsh; sourceTree = "<group>"; };
		2E4BEA7917198091004A5CBD /* simple_ogl.fsh */ = {isa = PBXFileReference; fileEncoding = 4; lastKnownFileType = sourcecode.glsl; path = simple_ogl.fsh; sourceTree = "<group>"; };
		2E4D3561174F2D0B006B168F /* IInput.h */ = {isa = PBXFileReference; fileEncoding = 4; lastKnownFileType = sourcecode.c.h; path = IInput.h; sourceTree = "<group>"; };
		2E4D3562174F2D0B006B168F /* ILogger.h */ = {isa = PBXFileReference; fileEncoding = 4; lastKnownFileType = sourcecode.c.h; path = ILogger.h; sourceTree = "<group>"; };
		2E81C9111718702C00428B87 /* GameScene.cpp */ = {isa = PBXFileReference; fileEncoding = 4; lastKnownFileType = sourcecode.cpp.cpp; path = GameScene.cpp; sourceTree = "<group>"; };
		2E81C9141718753C00428B87 /* OGLShaderManager.h */ = {isa = PBXFileReference; fileEncoding = 4; lastKnownFileType = sourcecode.c.h; path = OGLShaderManager.h; sourceTree = "<group>"; };
		2E81C9151718770600428B87 /* OGLShaderManager.cpp */ = {isa = PBXFileReference; fileEncoding = 4; lastKnownFileType = sourcecode.cpp.cpp; path = OGLShaderManager.cpp; sourceTree = "<group>"; };
		2EA38B9417284BBB00853F7C /* monkey.objm */ = {isa = PBXFileReference; fileEncoding = 4; lastKnownFileType = text; path = monkey.objm; sourceTree = "<group>"; };
		2EAC428B175682A40034DC8B /* MacInput.cpp */ = {isa = PBXFileReference; fileEncoding = 4; lastKnownFileType = sourcecode.cpp.cpp; path = MacInput.cpp; sourceTree = "<group>"; };
		2EAC428C175682A40034DC8B /* MacInput.h */ = {isa = PBXFileReference; fileEncoding = 4; lastKnownFileType = sourcecode.c.h; path = MacInput.h; sourceTree = "<group>"; };
		2EDB2FA0171806A700F27F46 /* CompiledMesh.cpp */ = {isa = PBXFileReference; fileEncoding = 4; lastKnownFileType = sourcecode.cpp.cpp; path = CompiledMesh.cpp; sourceTree = "<group>"; };
		2EDB2FA1171806A700F27F46 /* CompiledMesh.h */ = {isa = PBXFileReference; fileEncoding = 4; lastKnownFileType = sourcecode.c.h; path = CompiledMesh.h; sourceTree = "<group>"; };
		2EDB2FA2171806A700F27F46 /* Mesh.cpp */ = {isa = PBXFileReference; fileEncoding = 4; lastKnownFileType = sourcecode.cpp.cpp; path = Mesh.cpp; sourceTree = "<group>"; };
		2EDB2FA3171806A700F27F46 /* Mesh.h */ = {isa = PBXFileReference; fileEncoding = 4; lastKnownFileType = sourcecode.c.h; path = Mesh.h; sourceTree = "<group>"; };
		3E1AC9F8168E1ABE00F8B28D /* test */ = {isa = PBXFileReference; explicitFileType = "compiled.mach-o.executable"; includeInIndex = 0; path = test; sourceTree = BUILT_PRODUCTS_DIR; };
		3E1AC9FC168E1ABE00F8B28D /* main_MacOS.cpp */ = {isa = PBXFileReference; lastKnownFileType = sourcecode.cpp.cpp; path = main_MacOS.cpp; sourceTree = "<group>"; };
		3E1AC9FE168E1ABE00F8B28D /* test.1 */ = {isa = PBXFileReference; lastKnownFileType = text.man; path = test.1; sourceTree = "<group>"; };
		3E1ACA05168E1AFE00F8B28D /* App.h */ = {isa = PBXFileReference; fileEncoding = 4; lastKnownFileType = sourcecode.c.h; path = App.h; sourceTree = "<group>"; };
		3E1ACA06168E1AFE00F8B28D /* bezier_curve.h */ = {isa = PBXFileReference; fileEncoding = 4; lastKnownFileType = sourcecode.c.h; path = bezier_curve.h; sourceTree = "<group>"; };
		3E1ACA07168E1AFE00F8B28D /* bezier_surface.h */ = {isa = PBXFileReference; fileEncoding = 4; lastKnownFileType = sourcecode.c.h; path = bezier_surface.h; sourceTree = "<group>"; };
		3E1ACA08168E1AFE00F8B28D /* common_types.h */ = {isa = PBXFileReference; fileEncoding = 4; lastKnownFileType = sourcecode.c.h; path = common_types.h; sourceTree = "<group>"; };
		3E1ACA0B168E1AFE00F8B28D /* complex.h */ = {isa = PBXFileReference; fileEncoding = 4; lastKnownFileType = sourcecode.c.h; path = complex.h; sourceTree = "<group>"; };
		3E1ACA0E168E1AFE00F8B28D /* GameEngine.cpp */ = {isa = PBXFileReference; fileEncoding = 4; lastKnownFileType = sourcecode.cpp.cpp; path = GameEngine.cpp; sourceTree = "<group>"; };
		3E1ACA0F168E1AFE00F8B28D /* GameEngine.h */ = {isa = PBXFileReference; fileEncoding = 4; lastKnownFileType = sourcecode.c.h; path = GameEngine.h; sourceTree = "<group>"; };
		3E1ACA11168E1AFE00F8B28D /* GameScene.h */ = {isa = PBXFileReference; fileEncoding = 4; lastKnownFileType = sourcecode.c.h; path = GameScene.h; sourceTree = "<group>"; };
		3E1ACA12168E1AFE00F8B28D /* IGraphicsContext.h */ = {isa = PBXFileReference; fileEncoding = 4; lastKnownFileType = sourcecode.c.h; path = IGraphicsContext.h; sourceTree = "<group>"; };
		3E1ACA13168E1AFE00F8B28D /* IResourceManager.h */ = {isa = PBXFileReference; fileEncoding = 4; lastKnownFileType = sourcecode.c.h; path = IResourceManager.h; sourceTree = "<group>"; };
		3E1ACA14168E1AFE00F8B28D /* ISystem.h */ = {isa = PBXFileReference; fileEncoding = 4; lastKnownFileType = sourcecode.c.h; path = ISystem.h; sourceTree = "<group>"; };
		3E1ACA15168E1AFE00F8B28D /* ISystemListener.h */ = {isa = PBXFileReference; fileEncoding = 4; lastKnownFileType = sourcecode.c.h; path = ISystemListener.h; sourceTree = "<group>"; };
		3E1ACA16168E1AFE00F8B28D /* matrix.h */ = {isa = PBXFileReference; fileEncoding = 4; lastKnownFileType = sourcecode.c.h; path = matrix.h; sourceTree = "<group>"; };
		3E1ACA18168E1AFE00F8B28D /* quaternion.h */ = {isa = PBXFileReference; fileEncoding = 4; lastKnownFileType = sourcecode.c.h; path = quaternion.h; sourceTree = "<group>"; };
		3E1ACA19168E1AFE00F8B28D /* sampler.cpp */ = {isa = PBXFileReference; fileEncoding = 4; lastKnownFileType = sourcecode.cpp.cpp; path = sampler.cpp; sourceTree = "<group>"; };
		3E1ACA1A168E1AFE00F8B28D /* sampler.h */ = {isa = PBXFileReference; fileEncoding = 4; lastKnownFileType = sourcecode.c.h; path = sampler.h; sourceTree = "<group>"; };
		3E1ACA1B168E1AFE00F8B28D /* SceneGraph.h */ = {isa = PBXFileReference; fileEncoding = 4; lastKnownFileType = sourcecode.c.h; path = SceneGraph.h; sourceTree = "<group>"; };
		3E1ACA1D168E1AFE00F8B28D /* Timer.h */ = {isa = PBXFileReference; fileEncoding = 4; lastKnownFileType = sourcecode.c.h; path = Timer.h; sourceTree = "<group>"; };
		3E1ACA1E168E1AFE00F8B28D /* tree.h */ = {isa = PBXFileReference; fileEncoding = 4; lastKnownFileType = sourcecode.c.h; path = tree.h; sourceTree = "<group>"; };
		3E1ACA1F168E1AFE00F8B28D /* utils.cpp */ = {isa = PBXFileReference; fileEncoding = 4; lastKnownFileType = sourcecode.cpp.cpp; path = utils.cpp; sourceTree = "<group>"; };
		3E1ACA20168E1AFE00F8B28D /* utils.h */ = {isa = PBXFileReference; fileEncoding = 4; lastKnownFileType = sourcecode.c.h; path = utils.h; sourceTree = "<group>"; };
		3E1ACA21168E1AFE00F8B28D /* vector.h */ = {isa = PBXFileReference; fileEncoding = 4; lastKnownFileType = sourcecode.c.h; path = vector.h; sourceTree = "<group>"; };
		3E1ACA22168E1AFE00F8B28D /* Window.h */ = {isa = PBXFileReference; fileEncoding = 4; lastKnownFileType = sourcecode.c.h; path = Window.h; sourceTree = "<group>"; };
		3E1ACA2C168E1C2100F8B28D /* OpenGL.framework */ = {isa = PBXFileReference; lastKnownFileType = wrapper.framework; name = OpenGL.framework; path = System/Library/Frameworks/OpenGL.framework; sourceTree = SDKROOT; };
		3E1ACA2E168E1E4E00F8B28D /* MacOS.h */ = {isa = PBXFileReference; lastKnownFileType = sourcecode.c.h; path = MacOS.h; sourceTree = "<group>"; };
		3E1ACA2F168E20A300F8B28D /* MacOS.cpp */ = {isa = PBXFileReference; fileEncoding = 4; lastKnownFileType = sourcecode.cpp.cpp; path = MacOS.cpp; sourceTree = "<group>"; };
		3E1ACA31168E22C800F8B28D /* GLUT.framework */ = {isa = PBXFileReference; lastKnownFileType = wrapper.framework; name = GLUT.framework; path = System/Library/Frameworks/GLUT.framework; sourceTree = SDKROOT; };
		3EEBF8C7168F0DEE00211510 /* OGLContext.h */ = {isa = PBXFileReference; lastKnownFileType = sourcecode.c.h; path = OGLContext.h; sourceTree = "<group>"; };
		3EEBF8C9168F0F3000211510 /* OGLContext.cpp */ = {isa = PBXFileReference; fileEncoding = 4; lastKnownFileType = sourcecode.cpp.cpp; path = OGLContext.cpp; sourceTree = "<group>"; };
		3EEBF8CB168F141900211510 /* App.cpp */ = {isa = PBXFileReference; fileEncoding = 4; lastKnownFileType = sourcecode.cpp.cpp; path = App.cpp; sourceTree = "<group>"; };
/* End PBXFileReference section */

/* Begin PBXFrameworksBuildPhase section */
		3E1AC9F5168E1ABD00F8B28D /* Frameworks */ = {
			isa = PBXFrameworksBuildPhase;
			buildActionMask = 2147483647;
			files = (
				3E1ACA32168E22C800F8B28D /* GLUT.framework in Frameworks */,
				3E1ACA2D168E1C2100F8B28D /* OpenGL.framework in Frameworks */,
			);
			runOnlyForDeploymentPostprocessing = 0;
		};
/* End PBXFrameworksBuildPhase section */

/* Begin PBXGroup section */
		2E4BEA761719804C004A5CBD /* Shaders */ = {
			isa = PBXGroup;
			children = (
				2E4BEA7717198079004A5CBD /* simple_ogl.vsh */,
				2E4BEA7917198091004A5CBD /* simple_ogl.fsh */,
			);
			name = Shaders;
			sourceTree = "<group>";
		};
		2EA38B9317284BAD00853F7C /* Resources */ = {
			isa = PBXGroup;
			children = (
				2E039A4117E0B659001E4A64 /* many_monkeys_scene.scn */,
				2EA38B9417284BBB00853F7C /* monkey.objm */,
			);
			name = Resources;
			sourceTree = "<group>";
		};
		3E1AC9ED168E1ABD00F8B28D = {
			isa = PBXGroup;
			children = (
				3E1ACA31168E22C800F8B28D /* GLUT.framework */,
				3E1ACA2C168E1C2100F8B28D /* OpenGL.framework */,
				3E1AC9FB168E1ABE00F8B28D /* test */,
				3E1AC9F9168E1ABE00F8B28D /* Products */,
			);
			indentWidth = 4;
			sourceTree = "<group>";
			tabWidth = 4;
			usesTabs = 0;
		};
		3E1AC9F9168E1ABE00F8B28D /* Products */ = {
			isa = PBXGroup;
			children = (
				3E1AC9F8168E1ABE00F8B28D /* test */,
			);
			name = Products;
			sourceTree = "<group>";
		};
		3E1AC9FB168E1ABE00F8B28D /* test */ = {
			isa = PBXGroup;
			children = (
				2EA38B9317284BAD00853F7C /* Resources */,
				2E4BEA761719804C004A5CBD /* Shaders */,
				3E1ACA37168E264B00F8B28D /* MacOS */,
				3E1ACA36168E263900F8B28D /* Core */,
				3E1ACA35168E255A00F8B28D /* System */,
				3E1ACA34168E253B00F8B28D /* GameEngine */,
				3E1ACA33168E252700F8B28D /* Interfaces */,
				3E1AC9FE168E1ABE00F8B28D /* test.1 */,
			);
			path = test;
			sourceTree = "<group>";
		};
		3E1ACA33168E252700F8B28D /* Interfaces */ = {
			isa = PBXGroup;
			children = (
				2E039A3E17E0B659001E4A64 /* ICamera.h */,
				2E039A3F17E0B659001E4A64 /* IEntityFactory.h */,
				2E039A4017E0B659001E4A64 /* IGameEntity.h */,
				2E4D3561174F2D0B006B168F /* IInput.h */,
				2E4D3562174F2D0B006B168F /* ILogger.h */,
				3E1ACA12168E1AFE00F8B28D /* IGraphicsContext.h */,
				3E1ACA13168E1AFE00F8B28D /* IResourceManager.h */,
				3E1ACA14168E1AFE00F8B28D /* ISystem.h */,
				3E1ACA15168E1AFE00F8B28D /* ISystemListener.h */,
			);
			name = Interfaces;
			sourceTree = "<group>";
		};
		3E1ACA34168E253B00F8B28D /* GameEngine */ = {
			isa = PBXGroup;
			children = (
				2E81C9111718702C00428B87 /* GameScene.cpp */,
				2E039A4217E0B659001E4A64 /* PointLight.cpp */,
				2E039A4317E0B659001E4A64 /* PointLight.h */,
				2E039A4417E0B659001E4A64 /* QuaternionCamera.cpp */,
				2E039A4517E0B659001E4A64 /* QuaternionCamera.h */,
				2E039A4617E0B659001E4A64 /* ScnFilePayload.h */,
				2E039A4717E0B659001E4A64 /* ScnParser.cpp */,
				2E039A4817E0B659001E4A64 /* ScnParser.h */,
				2E039A4917E0B659001E4A64 /* SpotLight.cpp */,
				2E039A4A17E0B659001E4A64 /* SpotLight.h */,
				2E039A4B17E0B659001E4A64 /* StaticObject.cpp */,
				2E039A4C17E0B659001E4A64 /* StaticObject.h */,
				2EDB2FA0171806A700F27F46 /* CompiledMesh.cpp */,
				2EDB2FA1171806A700F27F46 /* CompiledMesh.h */,
				2EDB2FA2171806A700F27F46 /* Mesh.cpp */,
				2EDB2FA3171806A700F27F46 /* Mesh.h */,
				3E1ACA11168E1AFE00F8B28D /* GameScene.h */,
				3E1ACA0E168E1AFE00F8B28D /* GameEngine.cpp */,
				3E1ACA0F168E1AFE00F8B28D /* GameEngine.h */,
				3E1ACA1B168E1AFE00F8B28D /* SceneGraph.h */,
				2E039A3D17E0B659001E4A64 /* EngineFactory.h */,
			);
			name = GameEngine;
			sourceTree = "<group>";
		};
		3E1ACA35168E255A00F8B28D /* System */ = {
			isa = PBXGroup;
			children = (
				3EEBF8CB168F141900211510 /* App.cpp */,
				3E1ACA05168E1AFE00F8B28D /* App.h */,
				3E1ACA22168E1AFE00F8B28D /* Window.h */,
			);
			name = System;
			sourceTree = "<group>";
		};
		3E1ACA36168E263900F8B28D /* Core */ = {
			isa = PBXGroup;
			children = (
				3E1ACA06168E1AFE00F8B28D /* bezier_curve.h */,
				3E1ACA07168E1AFE00F8B28D /* bezier_surface.h */,
				3E1ACA08168E1AFE00F8B28D /* common_types.h */,
				3E1ACA0B168E1AFE00F8B28D /* complex.h */,
				3E1ACA16168E1AFE00F8B28D /* matrix.h */,
				3E1ACA18168E1AFE00F8B28D /* quaternion.h */,
				3E1ACA19168E1AFE00F8B28D /* sampler.cpp */,
				3E1ACA1A168E1AFE00F8B28D /* sampler.h */,
				3E1ACA1D168E1AFE00F8B28D /* Timer.h */,
				3E1ACA1E168E1AFE00F8B28D /* tree.h */,
				3E1ACA1F168E1AFE00F8B28D /* utils.cpp */,
				3E1ACA20168E1AFE00F8B28D /* utils.h */,
				3E1ACA21168E1AFE00F8B28D /* vector.h */,
			);
			name = Core;
			sourceTree = "<group>";
		};
		3E1ACA37168E264B00F8B28D /* MacOS */ = {
			isa = PBXGroup;
			children = (
				3E1ACA2E168E1E4E00F8B28D /* MacOS.h */,
				3E1ACA2F168E20A300F8B28D /* MacOS.cpp */,
				3E1AC9FC168E1ABE00F8B28D /* main_MacOS.cpp */,
				3EEBF8C7168F0DEE00211510 /* OGLContext.h */,
				3EEBF8C9168F0F3000211510 /* OGLContext.cpp */,
				2E81C9141718753C00428B87 /* OGLShaderManager.h */,
				2E81C9151718770600428B87 /* OGLShaderManager.cpp */,
				2EAC428B175682A40034DC8B /* MacInput.cpp */,
				2EAC428C175682A40034DC8B /* MacInput.h */,
			);
			name = MacOS;
			sourceTree = "<group>";
		};
/* End PBXGroup section */

/* Begin PBXNativeTarget section */
		3E1AC9F7168E1ABD00F8B28D /* test */ = {
			isa = PBXNativeTarget;
			buildConfigurationList = 3E1ACA02168E1ABE00F8B28D /* Build configuration list for PBXNativeTarget "test" */;
			buildPhases = (
				3E1AC9F4168E1ABD00F8B28D /* Sources */,
				3E1AC9F5168E1ABD00F8B28D /* Frameworks */,
				3E1AC9F6168E1ABD00F8B28D /* CopyFiles */,
			);
			buildRules = (
			);
			dependencies = (
			);
			name = test;
			productName = test;
			productReference = 3E1AC9F8168E1ABE00F8B28D /* test */;
			productType = "com.apple.product-type.tool";
		};
/* End PBXNativeTarget section */

/* Begin PBXProject section */
		3E1AC9EF168E1ABD00F8B28D /* Project object */ = {
			isa = PBXProject;
			attributes = {
				LastUpgradeCheck = 0450;
				ORGANIZATIONNAME = "Dmitry Kozlov";
			};
			buildConfigurationList = 3E1AC9F2168E1ABD00F8B28D /* Build configuration list for PBXProject "test" */;
			compatibilityVersion = "Xcode 3.2";
			developmentRegion = English;
			hasScannedForEncodings = 0;
			knownRegions = (
				en,
			);
			mainGroup = 3E1AC9ED168E1ABD00F8B28D;
			productRefGroup = 3E1AC9F9168E1ABE00F8B28D /* Products */;
			projectDirPath = "";
			projectRoot = "";
			targets = (
				3E1AC9F7168E1ABD00F8B28D /* test */,
			);
		};
/* End PBXProject section */

/* Begin PBXSourcesBuildPhase section */
		3E1AC9F4168E1ABD00F8B28D /* Sources */ = {
			isa = PBXSourcesBuildPhase;
			buildActionMask = 2147483647;
			files = (
				3E1AC9FD168E1ABE00F8B28D /* main_MacOS.cpp in Sources */,
				3E1ACA27168E1AFE00F8B28D /* GameEngine.cpp in Sources */,
				3E1ACA28168E1AFE00F8B28D /* sampler.cpp in Sources */,
				3E1ACA2A168E1AFE00F8B28D /* utils.cpp in Sources */,
				3E1ACA30168E20A300F8B28D /* MacOS.cpp in Sources */,
				3EEBF8CA168F0F3000211510 /* OGLContext.cpp in Sources */,
				3EEBF8CC168F141900211510 /* App.cpp in Sources */,
				2EDB2FA4171806A700F27F46 /* CompiledMesh.cpp in Sources */,
				2EDB2FA5171806A700F27F46 /* Mesh.cpp in Sources */,
				2E81C9121718702C00428B87 /* GameScene.cpp in Sources */,
				2E81C9161718770600428B87 /* OGLShaderManager.cpp in Sources */,
				2E4BEA7817198079004A5CBD /* simple_ogl.vsh in Sources */,
				2EAC428D175682A40034DC8B /* MacInput.cpp in Sources */,
				2E039A4D17E0B659001E4A64 /* PointLight.cpp in Sources */,
				2E039A4E17E0B659001E4A64 /* QuaternionCamera.cpp in Sources */,
				2E039A4F17E0B659001E4A64 /* ScnParser.cpp in Sources */,
				2E039A5017E0B659001E4A64 /* SpotLight.cpp in Sources */,
				2E039A5117E0B659001E4A64 /* StaticObject.cpp in Sources */,
			);
			runOnlyForDeploymentPostprocessing = 0;
		};
/* End PBXSourcesBuildPhase section */

/* Begin XCBuildConfiguration section */
		3E1ACA00168E1ABE00F8B28D /* Debug */ = {
			isa = XCBuildConfiguration;
			buildSettings = {
				ALWAYS_SEARCH_USER_PATHS = NO;
				ARCHS = "$(ARCHS_STANDARD_64_BIT)";
				CLANG_CXX_LANGUAGE_STANDARD = "gnu++0x";
				CLANG_CXX_LIBRARY = "libc++";
				CLANG_WARN_EMPTY_BODY = YES;
				CLANG_WARN__DUPLICATE_METHOD_MATCH = YES;
				COPY_PHASE_STRIP = NO;
				GCC_C_LANGUAGE_STANDARD = gnu99;
				GCC_DYNAMIC_NO_PIC = NO;
				GCC_ENABLE_OBJC_EXCEPTIONS = YES;
				GCC_OPTIMIZATION_LEVEL = 0;
				GCC_PREPROCESSOR_DEFINITIONS = (
					"DEBUG=1",
					"$(inherited)",
				);
				GCC_SYMBOLS_PRIVATE_EXTERN = NO;
				GCC_WARN_64_TO_32_BIT_CONVERSION = YES;
				GCC_WARN_ABOUT_RETURN_TYPE = YES;
				GCC_WARN_UNINITIALIZED_AUTOS = YES;
				GCC_WARN_UNUSED_VARIABLE = YES;
				MACOSX_DEPLOYMENT_TARGET = 10.8;
				ONLY_ACTIVE_ARCH = YES;
				SDKROOT = macosx;
			};
			name = Debug;
		};
		3E1ACA01168E1ABE00F8B28D /* Release */ = {
			isa = XCBuildConfiguration;
			buildSettings = {
				ALWAYS_SEARCH_USER_PATHS = NO;
				ARCHS = "$(ARCHS_STANDARD_64_BIT)";
				CLANG_CXX_LANGUAGE_STANDARD = "gnu++0x";
				CLANG_CXX_LIBRARY = "libc++";
				CLANG_WARN_EMPTY_BODY = YES;
				CLANG_WARN__DUPLICATE_METHOD_MATCH = YES;
				COPY_PHASE_STRIP = YES;
				DEBUG_INFORMATION_FORMAT = "dwarf-with-dsym";
				GCC_C_LANGUAGE_STANDARD = gnu99;
				GCC_ENABLE_OBJC_EXCEPTIONS = YES;
				GCC_WARN_64_TO_32_BIT_CONVERSION = YES;
				GCC_WARN_ABOUT_RETURN_TYPE = YES;
				GCC_WARN_UNINITIALIZED_AUTOS = YES;
				GCC_WARN_UNUSED_VARIABLE = YES;
				MACOSX_DEPLOYMENT_TARGET = 10.8;
				SDKROOT = macosx;
			};
			name = Release;
		};
		3E1ACA03168E1ABE00F8B28D /* Debug */ = {
			isa = XCBuildConfiguration;
			buildSettings = {
				"GCC_PREPROCESSOR_DEFINITIONS[arch=*]" = (
					"DEBUG=1",
					"_TEST=1",
					"$(inherited)",
				);
				PRODUCT_NAME = "$(TARGET_NAME)";
			};
			name = Debug;
		};
		3E1ACA04168E1ABE00F8B28D /* Release */ = {
			isa = XCBuildConfiguration;
			buildSettings = {
				PRODUCT_NAME = "$(TARGET_NAME)";
			};
			name = Release;
		};
/* End XCBuildConfiguration section */

/* Begin XCConfigurationList section */
		3E1AC9F2168E1ABD00F8B28D /* Build configuration list for PBXProject "test" */ = {
			isa = XCConfigurationList;
			buildConfigurations = (
				3E1ACA00168E1ABE00F8B28D /* Debug */,
				3E1ACA01168E1ABE00F8B28D /* Release */,
			);
			defaultConfigurationIsVisible = 0;
			defaultConfigurationName = Release;
		};
		3E1ACA02168E1ABE00F8B28D /* Build configuration list for PBXNativeTarget "test" */ = {
			isa = XCConfigurationList;
			buildConfigurations = (
				3E1ACA03168E1ABE00F8B28D /* Debug */,
				3E1ACA04168E1ABE00F8B28D /* Release */,
			);
			defaultConfigurationIsVisible = 0;
			defaultConfigurationName = Release;
		};
/* End XCConfigurationList section */
	};
	rootObject = 3E1AC9EF168E1ABD00F8B28D /* Project object */;
}
